
Microsoft Visual Studio Solution File, Format Version 12.00
# Visual Studio Version 16
VisualStudioVersion = 16.0.29728.190
MinimumVisualStudioVersion = 10.0.40219.1
Project("{FAE04EC0-301F-11D3-BF4B-00C04F79EFBC}") = "DynamicButtons", "DynamicButtons\DynamicButtons.csproj", "{D43CAA53-E6DF-4784-98E8-62246D745577}"
EndProject
Global
	GlobalSection(SolutionConfigurationPlatforms) = preSolution
		Debug|Any CPU = Debug|Any CPU
		Release|Any CPU = Release|Any CPU
	EndGlobalSection
	GlobalSection(ProjectConfigurationPlatforms) = postSolution
		{D43CAA53-E6DF-4784-98E8-62246D745577}.Debug|Any CPU.ActiveCfg = Debug|Any CPU
		{D43CAA53-E6DF-4784-98E8-62246D745577}.Debug|Any CPU.Build.0 = Debug|Any CPU
		{D43CAA53-E6DF-4784-98E8-62246D745577}.Release|Any CPU.ActiveCfg = Release|Any CPU
		{D43CAA53-E6DF-4784-98E8-62246D745577}.Release|Any CPU.Build.0 = Release|Any CPU
	EndGlobalSection
	GlobalSection(SolutionProperties) = preSolution
		HideSolutionNode = FALSE
	EndGlobalSection
	GlobalSection(ExtensibilityGlobals) = postSolution
		SolutionGuid = {2149C692-77E2-455F-AE01-BEDFE3A1B7F8}
	EndGlobalSection
EndGlobal
