
Microsoft Visual Studio Solution File, Format Version 12.00
# Visual Studio Version 16
VisualStudioVersion = 16.0.29728.190
MinimumVisualStudioVersion = 10.0.40219.1
Project("{FAE04EC0-301F-11D3-BF4B-00C04F79EFBC}") = "MasaDesign", "MasaDesign\MasaDesign.csproj", "{FC52DAFA-5836-418F-8E7C-FED24B15DD57}"
EndProject
Global
	GlobalSection(SolutionConfigurationPlatforms) = preSolution
		Debug|Any CPU = Debug|Any CPU
		Release|Any CPU = Release|Any CPU
	EndGlobalSection
	GlobalSection(ProjectConfigurationPlatforms) = postSolution
		{FC52DAFA-5836-418F-8E7C-FED24B15DD57}.Debug|Any CPU.ActiveCfg = Debug|Any CPU
		{FC52DAFA-5836-418F-8E7C-FED24B15DD57}.Debug|Any CPU.Build.0 = Debug|Any CPU
		{FC52DAFA-5836-418F-8E7C-FED24B15DD57}.Release|Any CPU.ActiveCfg = Release|Any CPU
		{FC52DAFA-5836-418F-8E7C-FED24B15DD57}.Release|Any CPU.Build.0 = Release|Any CPU
	EndGlobalSection
	GlobalSection(SolutionProperties) = preSolution
		HideSolutionNode = FALSE
	EndGlobalSection
	GlobalSection(ExtensibilityGlobals) = postSolution
		SolutionGuid = {A6EB32A1-CC02-41DC-A3FF-75E90A5B285F}
	EndGlobalSection
EndGlobal
